schema: '2.0'
stages:
  data_ingestion:
    cmd: python src/components/data_ingestion.py
    deps:
    - path: src/components/data_ingestion.py
      hash: md5
      md5: 8e5fe7063844941e318cb613ad45325a
      size: 5426
    - path: src/data_access/mongoDBToPandas.py
      hash: md5
      md5: 2c69cc691597e2d8c40e76be7b0d9c3e
      size: 1717
    - path: src/entity/artifact_entity.py
      hash: md5
      md5: dc643d9ab2aa1b3bbfab546976d62bba
      size: 1033
    - path: src/entity/config_entity.py
      hash: md5
      md5: 848e99fc6c456780359fc10cc1b77183
      size: 3496
    - path: src/utils/main_utils.py
      hash: md5
      md5: 6eddcc5e0b0c3b60ab7c5968ad688e32
      size: 4224
    outs:
    - path: artifact/data_ingestion/feature_store/raw.csv
      hash: md5
      md5: 0ecd29f5260f215e72680fc892bfc7a8
      size: 263241
    - path: artifact/data_ingestion/ingested/test.csv
      hash: md5
      md5: 7f70ae405a58f179699e6d6d16d9678a
      size: 49465
    - path: artifact/data_ingestion/ingested/train.csv
      hash: md5
      md5: f0fcbe23db79fdb4e99f9eb262903f7a
      size: 148358
  data_validation:
    cmd: python src/components/data_validation.py
    deps:
    - path: artifact/data_ingestion/ingested/test.csv
      hash: md5
      md5: 7f70ae405a58f179699e6d6d16d9678a
      size: 49465
    - path: artifact/data_ingestion/ingested/train.csv
      hash: md5
      md5: f0fcbe23db79fdb4e99f9eb262903f7a
      size: 148358
    - path: src/components/data_validation.py
      hash: md5
      md5: 634c7c2c745bcdd03828a95aa1a73528
      size: 10635
    - path: src/entity/artifact_entity.py
      hash: md5
      md5: dc643d9ab2aa1b3bbfab546976d62bba
      size: 1033
    - path: src/entity/config_entity.py
      hash: md5
      md5: 848e99fc6c456780359fc10cc1b77183
      size: 3496
    - path: src/utils/main_utils.py
      hash: md5
      md5: 6eddcc5e0b0c3b60ab7c5968ad688e32
      size: 4224
    outs:
    - path: 
        artifact/data_validation/drift_report/probability_drift_target_column.yaml
      hash: md5
      md5: b2acf203da37cf072c74a972a1e209c1
      size: 229
    - path: artifact/data_validation/validated/test.csv
      hash: md5
      md5: 7f70ae405a58f179699e6d6d16d9678a
      size: 49465
    - path: artifact/data_validation/validated/train.csv
      hash: md5
      md5: f0fcbe23db79fdb4e99f9eb262903f7a
      size: 148358
  data_transformation:
    cmd: python src/components/data_transformation.py
    deps:
    - path: 
        artifact/data_validation/drift_report/probability_drift_target_column.yaml
      hash: md5
      md5: b2acf203da37cf072c74a972a1e209c1
      size: 229
    - path: artifact/data_validation/validated/test.csv
      hash: md5
      md5: 7f70ae405a58f179699e6d6d16d9678a
      size: 49465
    - path: artifact/data_validation/validated/train.csv
      hash: md5
      md5: f0fcbe23db79fdb4e99f9eb262903f7a
      size: 148358
    - path: src/components/data_transformation.py
      hash: md5
      md5: e7deca4fc793c7b60f7c69b97ca90b14
      size: 5384
    - path: src/entity/artifact_entity.py
      hash: md5
      md5: dc643d9ab2aa1b3bbfab546976d62bba
      size: 1033
    - path: src/entity/config_entity.py
      hash: md5
      md5: 848e99fc6c456780359fc10cc1b77183
      size: 3496
    - path: src/utils/main_utils.py
      hash: md5
      md5: 6eddcc5e0b0c3b60ab7c5968ad688e32
      size: 4224
    outs:
    - path: 
        artifact/data_transformation/transformed_binary_object/preprocessing.pkl
      hash: md5
      md5: 29c9a72aaac559e31a2f61fc5e732b3b
      size: 6624
    - path: artifact/data_transformation/transformed_numpy_array/test.npy
      hash: md5
      md5: f40e12ced1965c13d194ca004efbf546
      size: 346933
    - path: artifact/data_transformation/transformed_numpy_array/train.npy
      hash: md5
      md5: e970b3aad562b9d2af59040e935674d0
      size: 985415
  model_trainer:
    cmd: python src/components/model_trainer.py
    deps:
    - path: 
        artifact/data_transformation/transformed_binary_object/preprocessing.pkl
      hash: md5
      md5: 29c9a72aaac559e31a2f61fc5e732b3b
      size: 6624
    - path: artifact/data_transformation/transformed_numpy_array/test.npy
      hash: md5
      md5: f40e12ced1965c13d194ca004efbf546
      size: 346933
    - path: artifact/data_transformation/transformed_numpy_array/train.npy
      hash: md5
      md5: e970b3aad562b9d2af59040e935674d0
      size: 985415
    - path: src/components/model_trainer.py
      hash: md5
      md5: 63f0f47228d419606b630685df1ab1e9
      size: 5547
    - path: src/entity/artifact_entity.py
      hash: md5
      md5: dc643d9ab2aa1b3bbfab546976d62bba
      size: 1033
    - path: src/entity/config_entity.py
      hash: md5
      md5: 848e99fc6c456780359fc10cc1b77183
      size: 3496
    - path: src/utils/main_utils.py
      hash: md5
      md5: 6eddcc5e0b0c3b60ab7c5968ad688e32
      size: 4224
    outs:
    - path: artifact/model_trainer/trained_model/model.pkl
      hash: md5
      md5: 6d936f09f1b67a8bd83549bc7ca166a1
      size: 474291
  model_evaluation:
    cmd: python src/components/model_evaluation.py
    deps:
    - path: artifact/data_validation/validated/test.csv
      hash: md5
      md5: 7f70ae405a58f179699e6d6d16d9678a
      size: 49465
    - path: artifact/model_trainer/trained_model/model.pkl
      hash: md5
      md5: 6d936f09f1b67a8bd83549bc7ca166a1
      size: 474291
    - path: src/components/model_evaluation.py
      hash: md5
      md5: 260af5eb3daa0552a176685fe461ce35
      size: 7747
    - path: src/entity/artifact_entity.py
      hash: md5
      md5: dc643d9ab2aa1b3bbfab546976d62bba
      size: 1033
    - path: src/entity/config_entity.py
      hash: md5
      md5: 848e99fc6c456780359fc10cc1b77183
      size: 3496
    - path: src/utils/main_utils.py
      hash: md5
      md5: 6eddcc5e0b0c3b60ab7c5968ad688e32
      size: 4224
  model_pusher:
    cmd: python src/components/model_pusher.py
    deps:
    - path: artifact/model_trainer/trained_model/model.pkl
      hash: md5
      md5: 6d936f09f1b67a8bd83549bc7ca166a1
      size: 474291
    - path: src/cloud_storage/aws_storage.py
      hash: md5
      md5: bcc8a74d767279c7cbb71278a19c02f8
      size: 9772
    - path: src/components/model_pusher.py
      hash: md5
      md5: 07d2569422931e272dcdff06c415b1cd
      size: 2244
    - path: src/entity/artifact_entity.py
      hash: md5
      md5: dc643d9ab2aa1b3bbfab546976d62bba
      size: 1033
    - path: src/entity/config_entity.py
      hash: md5
      md5: 848e99fc6c456780359fc10cc1b77183
      size: 3496
    - path: src/entity/s3_estimator.py
      hash: md5
      md5: 22c46d16e3f72690ed1655cc77e837db
      size: 2180
